
Microsoft Visual Studio Solution File, Format Version 12.00
# Visual Studio Version 16
VisualStudioVersion = 16.0.30907.101
MinimumVisualStudioVersion = 10.0.40219.1
Project("{9A19103F-16F7-4668-BE54-9A1E7A4F7556}") = "FitnessJournal", "FitnessJournal\FitnessJournal.csproj", "{5092C5A5-BFF3-4AEA-B434-0E87B77058FA}"
EndProject
Project("{9A19103F-16F7-4668-BE54-9A1E7A4F7556}") = "FitnessJournal.UI.Tests", "FitnessJournal.UI.Tests\FitnessJournal.UI.Tests.csproj", "{839C34CA-0856-4031-90FA-6B7012A83FA3}"
EndProject
Global
	GlobalSection(SolutionConfigurationPlatforms) = preSolution
		Debug|Any CPU = Debug|Any CPU
		Release|Any CPU = Release|Any CPU
	EndGlobalSection
	GlobalSection(ProjectConfigurationPlatforms) = postSolution
		{5092C5A5-BFF3-4AEA-B434-0E87B77058FA}.Debug|Any CPU.ActiveCfg = Debug|Any CPU
		{5092C5A5-BFF3-4AEA-B434-0E87B77058FA}.Debug|Any CPU.Build.0 = Debug|Any CPU
		{5092C5A5-BFF3-4AEA-B434-0E87B77058FA}.Release|Any CPU.ActiveCfg = Release|Any CPU
		{5092C5A5-BFF3-4AEA-B434-0E87B77058FA}.Release|Any CPU.Build.0 = Release|Any CPU
		{839C34CA-0856-4031-90FA-6B7012A83FA3}.Debug|Any CPU.ActiveCfg = Debug|Any CPU
		{839C34CA-0856-4031-90FA-6B7012A83FA3}.Debug|Any CPU.Build.0 = Debug|Any CPU
		{839C34CA-0856-4031-90FA-6B7012A83FA3}.Release|Any CPU.ActiveCfg = Release|Any CPU
		{839C34CA-0856-4031-90FA-6B7012A83FA3}.Release|Any CPU.Build.0 = Release|Any CPU
	EndGlobalSection
	GlobalSection(SolutionProperties) = preSolution
		HideSolutionNode = FALSE
	EndGlobalSection
	GlobalSection(ExtensibilityGlobals) = postSolution
		SolutionGuid = {8D1D3DC1-E34E-41CF-BEDB-561550E61455}
	EndGlobalSection
EndGlobal
